Microsoft Visual Studio Solution File, Format Version 12.00
# Visual Studio 2012
Project("{FAE04EC0-301F-11D3-BF4B-00C04F79EFBC}") = "Test Reseau", "Test Reseau.csproj", "{E405705C-73DB-4A0D-B784-D82D92F8D7EC}"
EndProject
Global
	GlobalSection(SolutionConfigurationPlatforms) = preSolution
	Debug|Any CPU = Debug|Any CPU
	ExportDebug|Any CPU = ExportDebug|Any CPU
	ExportRelease|Any CPU = ExportRelease|Any CPU
	EndGlobalSection
	GlobalSection(ProjectConfigurationPlatforms) = postSolution
		{E405705C-73DB-4A0D-B784-D82D92F8D7EC}.Debug|Any CPU.ActiveCfg = Debug|Any CPU
		{E405705C-73DB-4A0D-B784-D82D92F8D7EC}.Debug|Any CPU.Build.0 = Debug|Any CPU
		{E405705C-73DB-4A0D-B784-D82D92F8D7EC}.ExportDebug|Any CPU.ActiveCfg = ExportDebug|Any CPU
		{E405705C-73DB-4A0D-B784-D82D92F8D7EC}.ExportDebug|Any CPU.Build.0 = ExportDebug|Any CPU
		{E405705C-73DB-4A0D-B784-D82D92F8D7EC}.ExportRelease|Any CPU.ActiveCfg = ExportRelease|Any CPU
		{E405705C-73DB-4A0D-B784-D82D92F8D7EC}.ExportRelease|Any CPU.Build.0 = ExportRelease|Any CPU
	EndGlobalSection
EndGlobal
